github.com/textwire/textwire/v2 v2.6.8 h1:VdHLGCKFpNjeM1DT70DJjeapTsWvHol8P2ZniMCh5WU=
github.com/textwire/textwire/v2 v2.6.8/go.mod h1:V0J75qH85DM8OAICWewhXyyXPXVAZYwhhiORGrWgj5I=
github.com/textwire/textwire/v2 v2.7.0 h1:wjiAkYU6km5Am7iIiRjPDFhFzcLzPWkm1hJ3iyuUba0=
github.com/textwire/textwire/v2 v2.7.0/go.mod h1:SCW/jL2IK5zj65+aJ/14e4Q9bZJr2Dp2S/cbI2vdkyI=
